version = 1
revision = 2
requires-python = ">=3.12"

[[package]]
name = "mysql-connector-python"
version = "9.3.0"
source = { registry = "https://pypi.tuna.tsinghua.edu.cn/simple" }
sdist = { url = "https://pypi.tuna.tsinghua.edu.cn/packages/82/5e/55b265cb95938e271208e5692d7e615c53f2aeea894ab72a9f14ab198e9a/mysql-connector-python-9.3.0.tar.gz", hash = "sha256:8b16d51447e3603f18478fb5a19b333bfb73fb58f872eb055a105635f53d2345", size = 942579, upload-time = "2025-05-07T18:50:34.339Z" }
wheels = [
    { url = "https://pypi.tuna.tsinghua.edu.cn/packages/bf/73/b42061ea4c0500edad4f92834ed7d75b1a740d11970e531c5be4dc1af5cd/mysql_connector_python-9.3.0-cp312-cp312-macosx_14_0_arm64.whl", hash = "sha256:2589af070babdff9c920ee37f929218d80afa704f4e2a99f1ddcb13d19de4450", size = 15151288, upload-time = "2025-04-15T18:43:17.762Z" },
    { url = "https://pypi.tuna.tsinghua.edu.cn/packages/27/87/9cd7e803c762c5098683c83837d2258c2f83cf82d33fabd1d0eaadae06ee/mysql_connector_python-9.3.0-cp312-cp312-macosx_14_0_x86_64.whl", hash = "sha256:1916256ecd039f4673715550d28138416bac5962335e06d36f7434c47feb5232", size = 15967397, upload-time = "2025-04-15T18:43:20.799Z" },
    { url = "https://pypi.tuna.tsinghua.edu.cn/packages/5a/5d/cd63f31bf5d0536ee1e4216fb2f3f57175ca1e0dd37e1e8139083d2156e8/mysql_connector_python-9.3.0-cp312-cp312-manylinux_2_28_aarch64.whl", hash = "sha256:d33e2f88e1d4b15844cfed2bb6e90612525ba2c1af2fb10b4a25b2c89a1fe49a", size = 33457025, upload-time = "2025-04-15T18:43:24.09Z" },
    { url = "https://pypi.tuna.tsinghua.edu.cn/packages/76/65/9609a96edc0d015d1017176974c42b955cf87ba92cd31765f99cba835715/mysql_connector_python-9.3.0-cp312-cp312-manylinux_2_28_x86_64.whl", hash = "sha256:0aedee809e1f8dbab6b2732f51ee1619b54a56d15b9070655bc31fb822c1a015", size = 33853427, upload-time = "2025-04-15T18:43:28.441Z" },
    { url = "https://pypi.tuna.tsinghua.edu.cn/packages/c2/da/f81eeb5b63dea3ebe035fbbbdc036ae517155ad73f2e9640ee7c9eace09d/mysql_connector_python-9.3.0-cp312-cp312-win_amd64.whl", hash = "sha256:3853799f4b719357ea25eba05f5f278a158a85a5c8209b3d058947a948bc9262", size = 16358560, upload-time = "2025-04-15T18:43:32.281Z" },
    { url = "https://pypi.tuna.tsinghua.edu.cn/packages/6a/16/5762061505a0d0d3a333613b6f5d7b8eb3222a689aa32f71ed15f1532ad1/mysql_connector_python-9.3.0-cp313-cp313-macosx_14_0_arm64.whl", hash = "sha256:9516a4cdbaee3c9200f0e7d9aafb31057692f45c202cdcb43a3f9b37c94e7c84", size = 15151425, upload-time = "2025-04-15T18:43:35.573Z" },
    { url = "https://pypi.tuna.tsinghua.edu.cn/packages/db/40/22de86e966e648ea0e3e438ad523c86d0cf4866b3841e248726fb4afded8/mysql_connector_python-9.3.0-cp313-cp313-macosx_14_0_x86_64.whl", hash = "sha256:495798dd34445d749991fb3a2aa87b4205100676939556d8d4aab5d5558e7a1f", size = 15967663, upload-time = "2025-04-15T18:43:38.248Z" },
    { url = "https://pypi.tuna.tsinghua.edu.cn/packages/4c/19/36983937347b6a58af546950c88a9403cdce944893850e80ffb7f602a099/mysql_connector_python-9.3.0-cp313-cp313-manylinux_2_28_aarch64.whl", hash = "sha256:be0ef15f6023ae2037347498f005a4471f694f8a6b8384c3194895e153120286", size = 33457288, upload-time = "2025-04-15T18:43:41.901Z" },
    { url = "https://pypi.tuna.tsinghua.edu.cn/packages/18/12/7ccbc678a130df0f751596b37eddb98b2e40930d0ebc9ee41965ffbf0b92/mysql_connector_python-9.3.0-cp313-cp313-manylinux_2_28_x86_64.whl", hash = "sha256:4364d3a37c449f1c0bb9e52fd4eddc620126b9897b6b9f2fd1b3f33dacc16356", size = 33853838, upload-time = "2025-04-15T18:43:45.505Z" },
    { url = "https://pypi.tuna.tsinghua.edu.cn/packages/c2/5e/c361caa024ce14ffc1f5b153d90f0febf5e9483a60c4b5c84e1e012363cc/mysql_connector_python-9.3.0-cp313-cp313-win_amd64.whl", hash = "sha256:2a5de57814217077a8672063167b616b1034a37b614b93abcb602cc0b8c6fade", size = 16358561, upload-time = "2025-04-15T18:43:49.176Z" },
    { url = "https://pypi.tuna.tsinghua.edu.cn/packages/23/1d/8c2c6672094b538f4881f7714e5332fdcddd05a7e196cbc9eb4a9b5e9a45/mysql_connector_python-9.3.0-py2.py3-none-any.whl", hash = "sha256:8ab7719d614cf5463521082fab86afc21ada504b538166090e00eeaa1ff729bc", size = 399302, upload-time = "2025-04-15T18:44:10.046Z" },
]

[[package]]
name = "pip"
version = "25.1.1"
source = { registry = "https://pypi.tuna.tsinghua.edu.cn/simple" }
sdist = { url = "https://pypi.tuna.tsinghua.edu.cn/packages/59/de/241caa0ca606f2ec5fe0c1f4261b0465df78d786a38da693864a116c37f4/pip-25.1.1.tar.gz", hash = "sha256:3de45d411d308d5054c2168185d8da7f9a2cd753dbac8acbfa88a8909ecd9077", size = 1940155, upload-time = "2025-05-02T15:14:02.057Z" }
wheels = [
    { url = "https://pypi.tuna.tsinghua.edu.cn/packages/29/a2/d40fb2460e883eca5199c62cfc2463fd261f760556ae6290f88488c362c0/pip-25.1.1-py3-none-any.whl", hash = "sha256:2913a38a2abf4ea6b64ab507bd9e967f3b53dc1ede74b01b0931e1ce548751af", size = 1825227, upload-time = "2025-05-02T15:13:59.102Z" },
]

[[package]]
name = "scripts"
version = "0.1.0"
source = { virtual = "." }
dependencies = [
    { name = "mysql-connector-python" },
    { name = "pip" },
]

[package.metadata]
requires-dist = [
    { name = "mysql-connector-python", specifier = ">=9.3.0" },
    { name = "pip", specifier = ">=25.1.1" },
]
